
Microsoft Visual Studio Solution File, Format Version 12.00
# Visual Studio Version 17
VisualStudioVersion = 17.9.34622.214
MinimumVisualStudioVersion = 10.0.40219.1
Project("{FAE04EC0-301F-11D3-BF4B-00C04F79EFBC}") = "Common", "Common\Common.csproj", "{B119B125-CE20-4015-AD55-A569E69DB3EF}"
EndProject
Project("{FAE04EC0-301F-11D3-BF4B-00C04F79EFBC}") = "DataAccess", "DataAccess\DataAccess.csproj", "{1BE06352-CB2C-4880-B8EB-F16C2952FAEA}"
EndProject
Project("{FAE04EC0-301F-11D3-BF4B-00C04F79EFBC}") = "Domain", "Domain\Domain.csproj", "{D00AB47A-1D0A-4B1F-994A-AF09925FFA94}"
EndProject
Project("{FAE04EC0-301F-11D3-BF4B-00C04F79EFBC}") = "Presentation", "Presentation\Presentation.csproj", "{BB33F5DF-0C61-4904-A074-6C115BAF51C0}"
EndProject
Global
	GlobalSection(SolutionConfigurationPlatforms) = preSolution
		Debug|Any CPU = Debug|Any CPU
		Release|Any CPU = Release|Any CPU
	EndGlobalSection
	GlobalSection(ProjectConfigurationPlatforms) = postSolution
		{B119B125-CE20-4015-AD55-A569E69DB3EF}.Debug|Any CPU.ActiveCfg = Debug|Any CPU
		{B119B125-CE20-4015-AD55-A569E69DB3EF}.Debug|Any CPU.Build.0 = Debug|Any CPU
		{B119B125-CE20-4015-AD55-A569E69DB3EF}.Release|Any CPU.ActiveCfg = Release|Any CPU
		{B119B125-CE20-4015-AD55-A569E69DB3EF}.Release|Any CPU.Build.0 = Release|Any CPU
		{1BE06352-CB2C-4880-B8EB-F16C2952FAEA}.Debug|Any CPU.ActiveCfg = Debug|Any CPU
		{1BE06352-CB2C-4880-B8EB-F16C2952FAEA}.Debug|Any CPU.Build.0 = Debug|Any CPU
		{1BE06352-CB2C-4880-B8EB-F16C2952FAEA}.Release|Any CPU.ActiveCfg = Release|Any CPU
		{1BE06352-CB2C-4880-B8EB-F16C2952FAEA}.Release|Any CPU.Build.0 = Release|Any CPU
		{D00AB47A-1D0A-4B1F-994A-AF09925FFA94}.Debug|Any CPU.ActiveCfg = Debug|Any CPU
		{D00AB47A-1D0A-4B1F-994A-AF09925FFA94}.Debug|Any CPU.Build.0 = Debug|Any CPU
		{D00AB47A-1D0A-4B1F-994A-AF09925FFA94}.Release|Any CPU.ActiveCfg = Release|Any CPU
		{D00AB47A-1D0A-4B1F-994A-AF09925FFA94}.Release|Any CPU.Build.0 = Release|Any CPU
		{BB33F5DF-0C61-4904-A074-6C115BAF51C0}.Debug|Any CPU.ActiveCfg = Debug|Any CPU
		{BB33F5DF-0C61-4904-A074-6C115BAF51C0}.Debug|Any CPU.Build.0 = Debug|Any CPU
		{BB33F5DF-0C61-4904-A074-6C115BAF51C0}.Release|Any CPU.ActiveCfg = Release|Any CPU
		{BB33F5DF-0C61-4904-A074-6C115BAF51C0}.Release|Any CPU.Build.0 = Release|Any CPU
	EndGlobalSection
	GlobalSection(SolutionProperties) = preSolution
		HideSolutionNode = FALSE
	EndGlobalSection
	GlobalSection(ExtensibilityGlobals) = postSolution
		SolutionGuid = {61CA9846-5127-4E77-9F3B-13AD17B5D358}
	EndGlobalSection
EndGlobal
